// !$*UTF8*$!
{
	archiveVersion = 1;
	classes = {
	};
	objectVersion = 46;
	objects = {

/* Begin PBXBuildFile section */
		CA08D0D11CDFA19200BB763A /* AppDelegate.swift in Sources */ = {isa = PBXBuildFile; fileRef = CA08D0D01CDFA19200BB763A /* AppDelegate.swift */; };
		CA08D0D31CDFA19200BB763A /* ViewController.swift in Sources */ = {isa = PBXBuildFile; fileRef = CA08D0D21CDFA19200BB763A /* ViewController.swift */; };
		CA08D0D61CDFA19200BB763A /* Main.storyboard in Resources */ = {isa = PBXBuildFile; fileRef = CA08D0D41CDFA19200BB763A /* Main.storyboard */; };
		CA08D0D81CDFA19200BB763A /* Assets.xcassets in Resources */ = {isa = PBXBuildFile; fileRef = CA08D0D71CDFA19200BB763A /* Assets.xcassets */; };
		CA08D0DB1CDFA19200BB763A /* LaunchScreen.storyboard in Resources */ = {isa = PBXBuildFile; fileRef = CA08D0D91CDFA19200BB763A /* LaunchScreen.storyboard */; };
		CA08D0E61CDFA19200BB763A /* sampleTests.swift in Sources */ = {isa = PBXBuildFile; fileRef = CA08D0E51CDFA19200BB763A /* sampleTests.swift */; };
		CA08D0F11CDFA19200BB763A /* sampleUITests.swift in Sources */ = {isa = PBXBuildFile; fileRef = CA08D0F01CDFA19200BB763A /* sampleUITests.swift */; };
/* End PBXBuildFile section */

/* Begin PBXContainerItemProxy section */
		CA08D0E21CDFA19200BB763A /* PBXContainerItemProxy */ = {
			isa = PBXContainerItemProxy;
			containerPortal = CA08D0C51CDFA19200BB763A /* Project object */;
			proxyType = 1;
			remoteGlobalIDString = CA08D0CC1CDFA19200BB763A;
			remoteInfo = sample;
		};
		CA08D0ED1CDFA19200BB763A /* PBXContainerItemProxy */ = {
			isa = PBXContainerItemProxy;
			containerPortal = CA08D0C51CDFA19200BB763A /* Project object */;
			proxyType = 1;
			remoteGlobalIDString = CA08D0CC1CDFA19200BB763A;
			remoteInfo = sample;
		};
/* End PBXContainerItemProxy section */

/* Begin PBXFileReference section */
		CA08D0CD1CDFA19200BB763A /* sample.app */ = {isa = PBXFileReference; explicitFileType = wrapper.application; includeInIndex = 0; path = sample.app; sourceTree = BUILT_PRODUCTS_DIR; };
		CA08D0D01CDFA19200BB763A /* AppDelegate.swift */ = {isa = PBXFileReference; lastKnownFileType = sourcecode.swift; path = AppDelegate.swift; sourceTree = "<group>"; };
		CA08D0D21CDFA19200BB763A /* ViewController.swift */ = {isa = PBXFileReference; lastKnownFileType = sourcecode.swift; path = ViewController.swift; sourceTree = "<group>"; };
		CA08D0D51CDFA19200BB763A /* Base */ = {isa = PBXFileReference; lastKnownFileType = file.storyboard; name = Base; path = Base.lproj/Main.storyboard; sourceTree = "<group>"; };
		CA08D0D71CDFA19200BB763A /* Assets.xcassets */ = {isa = PBXFileReference; lastKnownFileType = folder.assetcatalog; path = Assets.xcassets; sourceTree = "<group>"; };
		CA08D0DA1CDFA19200BB763A /* Base */ = {isa = PBXFileReference; lastKnownFileType = file.storyboard; name = Base; path = Base.lproj/LaunchScreen.storyboard; sourceTree = "<group>"; };
		CA08D0DC1CDFA19200BB763A /* Info.plist */ = {isa = PBXFileReference; lastKnownFileType = text.plist.xml; path = Info.plist; sourceTree = "<group>"; };
		CA08D0E11CDFA19200BB763A /* sampleTests.xctest */ = {isa = PBXFileReference; explicitFileType = wrapper.cfbundle; includeInIndex = 0; path = sampleTests.xctest; sourceTree = BUILT_PRODUCTS_DIR; };
		CA08D0E51CDFA19200BB763A /* sampleTests.swift */ = {isa = PBXFileReference; lastKnownFileType = sourcecode.swift; path = sampleTests.swift; sourceTree = "<group>"; };
		CA08D0E71CDFA19200BB763A /* Info.plist */ = {isa = PBXFileReference; lastKnownFileType = text.plist.xml; path = Info.plist; sourceTree = "<group>"; };
		CA08D0EC1CDFA19200BB763A /* sampleUITests.xctest */ = {isa = PBXFileReference; explicitFileType = wrapper.cfbundle; includeInIndex = 0; path = sampleUITests.xctest; sourceTree = BUILT_PRODUCTS_DIR; };
		CA08D0F01CDFA19200BB763A /* sampleUITests.swift */ = {isa = PBXFileReference; lastKnownFileType = sourcecode.swift; path = sampleUITests.swift; sourceTree = "<group>"; };
		CA08D0F21CDFA19200BB763A /* Info.plist */ = {isa = PBXFileReference; lastKnownFileType = text.plist.xml; path = Info.plist; sourceTree = "<group>"; };
/* End PBXFileReference section */

/* Begin PBXFrameworksBuildPhase section */
		CA08D0CA1CDFA19200BB763A /* Frameworks */ = {
			isa = PBXFrameworksBuildPhase;
			buildActionMask = 2147483647;
			files = (
			);
			runOnlyForDeploymentPostprocessing = 0;
		};
		CA08D0DE1CDFA19200BB763A /* Frameworks */ = {
			isa = PBXFrameworksBuildPhase;
			buildActionMask = 2147483647;
			files = (
			);
			runOnlyForDeploymentPostprocessing = 0;
		};
		CA08D0E91CDFA19200BB763A /* Frameworks */ = {
			isa = PBXFrameworksBuildPhase;
			buildActionMask = 2147483647;
			files = (
			);
			runOnlyForDeploymentPostprocessing = 0;
		};
/* End PBXFrameworksBuildPhase section */

/* Begin PBXGroup section */
		CA08D0C41CDFA19200BB763A = {
			isa = PBXGroup;
			children = (
				CA08D0CF1CDFA19200BB763A /* sample */,
				CA08D0E41CDFA19200BB763A /* sampleTests */,
				CA08D0EF1CDFA19200BB763A /* sampleUITests */,
				CA08D0CE1CDFA19200BB763A /* Products */,
			);
			sourceTree = "<group>";
		};
		CA08D0CE1CDFA19200BB763A /* Products */ = {
			isa = PBXGroup;
			children = (
				CA08D0CD1CDFA19200BB763A /* sample.app */,
				CA08D0E11CDFA19200BB763A /* sampleTests.xctest */,
				CA08D0EC1CDFA19200BB763A /* sampleUITests.xctest */,
			);
			name = Products;
			sourceTree = "<group>";
		};
		CA08D0CF1CDFA19200BB763A /* sample */ = {
			isa = PBXGroup;
			children = (
				CA08D0D01CDFA19200BB763A /* AppDelegate.swift */,
				CA08D0D21CDFA19200BB763A /* ViewController.swift */,
				CA08D0D41CDFA19200BB763A /* Main.storyboard */,
				CA08D0D71CDFA19200BB763A /* Assets.xcassets */,
				CA08D0D91CDFA19200BB763A /* LaunchScreen.storyboard */,
				CA08D0DC1CDFA19200BB763A /* Info.plist */,
			);
			path = sample;
			sourceTree = "<group>";
		};
		CA08D0E41CDFA19200BB763A /* sampleTests */ = {
			isa = PBXGroup;
			children = (
				CA08D0E51CDFA19200BB763A /* sampleTests.swift */,
				CA08D0E71CDFA19200BB763A /* Info.plist */,
			);
			path = sampleTests;
			sourceTree = "<group>";
		};
		CA08D0EF1CDFA19200BB763A /* sampleUITests */ = {
			isa = PBXGroup;
			children = (
				CA08D0F01CDFA19200BB763A /* sampleUITests.swift */,
				CA08D0F21CDFA19200BB763A /* Info.plist */,
			);
			path = sampleUITests;
			sourceTree = "<group>";
		};
/* End PBXGroup section */

/* Begin PBXNativeTarget section */
		CA08D0CC1CDFA19200BB763A /* sample */ = {
			isa = PBXNativeTarget;
			buildConfigurationList = CA08D0F51CDFA19200BB763A /* Build configuration list for PBXNativeTarget "sample" */;
			buildPhases = (
				CA08D0C91CDFA19200BB763A /* Sources */,
				CA08D0CA1CDFA19200BB763A /* Frameworks */,
				CA08D0CB1CDFA19200BB763A /* Resources */,
			);
			buildRules = (
			);
			dependencies = (
			);
			name = sample;
			productName = sample;
			productReference = CA08D0CD1CDFA19200BB763A /* sample.app */;
			productType = "com.apple.product-type.application";
		};
		CA08D0E01CDFA19200BB763A /* sampleTests */ = {
			isa = PBXNativeTarget;
			buildConfigurationList = CA08D0F81CDFA19200BB763A /* Build configuration list for PBXNativeTarget "sampleTests" */;
			buildPhases = (
				CA08D0DD1CDFA19200BB763A /* Sources */,
				CA08D0DE1CDFA19200BB763A /* Frameworks */,
				CA08D0DF1CDFA19200BB763A /* Resources */,
			);
			buildRules = (
			);
			dependencies = (
				CA08D0E31CDFA19200BB763A /* PBXTargetDependency */,
			);
			name = sampleTests;
			productName = sampleTests;
			productReference = CA08D0E11CDFA19200BB763A /* sampleTests.xctest */;
			productType = "com.apple.product-type.bundle.unit-test";
		};
		CA08D0EB1CDFA19200BB763A /* sampleUITests */ = {
			isa = PBXNativeTarget;
			buildConfigurationList = CA08D0FB1CDFA19200BB763A /* Build configuration list for PBXNativeTarget "sampleUITests" */;
			buildPhases = (
				CA08D0E81CDFA19200BB763A /* Sources */,
				CA08D0E91CDFA19200BB763A /* Frameworks */,
				CA08D0EA1CDFA19200BB763A /* Resources */,
			);
			buildRules = (
			);
			dependencies = (
				CA08D0EE1CDFA19200BB763A /* PBXTargetDependency */,
			);
			name = sampleUITests;
			productName = sampleUITests;
			productReference = CA08D0EC1CDFA19200BB763A /* sampleUITests.xctest */;
			productType = "com.apple.product-type.bundle.ui-testing";
		};
/* End PBXNativeTarget section */

/* Begin PBXProject section */
		CA08D0C51CDFA19200BB763A /* Project object */ = {
			isa = PBXProject;
			attributes = {
				LastSwiftUpdateCheck = 0730;
				LastUpgradeCheck = 0730;
				ORGANIZATIONNAME = "渡辺寛太";
				TargetAttributes = {
					CA08D0CC1CDFA19200BB763A = {
						CreatedOnToolsVersion = 7.3.1;
						DevelopmentTeam = G7RA26TA6F;
					};
					CA08D0E01CDFA19200BB763A = {
						CreatedOnToolsVersion = 7.3.1;
						DevelopmentTeam = G7RA26TA6F;
						TestTargetID = CA08D0CC1CDFA19200BB763A;
					};
					CA08D0EB1CDFA19200BB763A = {
						CreatedOnToolsVersion = 7.3.1;
						DevelopmentTeam = G7RA26TA6F;
						TestTargetID = CA08D0CC1CDFA19200BB763A;
					};
				};
			};
			buildConfigurationList = CA08D0C81CDFA19200BB763A /* Build configuration list for PBXProject "sample" */;
			compatibilityVersion = "Xcode 3.2";
			developmentRegion = English;
			hasScannedForEncodings = 0;
			knownRegions = (
				en,
				Base,
			);
			mainGroup = CA08D0C41CDFA19200BB763A;
			productRefGroup = CA08D0CE1CDFA19200BB763A /* Products */;
			projectDirPath = "";
			projectRoot = "";
			targets = (
				CA08D0CC1CDFA19200BB763A /* sample */,
				CA08D0E01CDFA19200BB763A /* sampleTests */,
				CA08D0EB1CDFA19200BB763A /* sampleUITests */,
			);
		};
/* End PBXProject section */

/* Begin PBXResourcesBuildPhase section */
		CA08D0CB1CDFA19200BB763A /* Resources */ = {
			isa = PBXResourcesBuildPhase;
			buildActionMask = 2147483647;
			files = (
				CA08D0DB1CDFA19200BB763A /* LaunchScreen.storyboard in Resources */,
				CA08D0D81CDFA19200BB763A /* Assets.xcassets in Resources */,
				CA08D0D61CDFA19200BB763A /* Main.storyboard in Resources */,
			);
			runOnlyForDeploymentPostprocessing = 0;
		};
		CA08D0DF1CDFA19200BB763A /* Resources */ = {
			isa = PBXResourcesBuildPhase;
			buildActionMask = 2147483647;
			files = (
			);
			runOnlyForDeploymentPostprocessing = 0;
		};
		CA08D0EA1CDFA19200BB763A /* Resources */ = {
			isa = PBXResourcesBuildPhase;
			buildActionMask = 2147483647;
			files = (
			);
			runOnlyForDeploymentPostprocessing = 0;
		};
/* End PBXResourcesBuildPhase section */

/* Begin PBXSourcesBuildPhase section */
		CA08D0C91CDFA19200BB763A /* Sources */ = {
			isa = PBXSourcesBuildPhase;
			buildActionMask = 2147483647;
			files = (
				CA08D0D31CDFA19200BB763A /* ViewController.swift in Sources */,
				CA08D0D11CDFA19200BB763A /* AppDelegate.swift in Sources */,
			);
			runOnlyForDeploymentPostprocessing = 0;
		};
		CA08D0DD1CDFA19200BB763A /* Sources */ = {
			isa = PBXSourcesBuildPhase;
			buildActionMask = 2147483647;
			files = (
				CA08D0E61CDFA19200BB763A /* sampleTests.swift in Sources */,
			);
			runOnlyForDeploymentPostprocessing = 0;
		};
		CA08D0E81CDFA19200BB763A /* Sources */ = {
			isa = PBXSourcesBuildPhase;
			buildActionMask = 2147483647;
			files = (
				CA08D0F11CDFA19200BB763A /* sampleUITests.swift in Sources */,
			);
			runOnlyForDeploymentPostprocessing = 0;
		};
/* End PBXSourcesBuildPhase section */

/* Begin PBXTargetDependency section */
		CA08D0E31CDFA19200BB763A /* PBXTargetDependency */ = {
			isa = PBXTargetDependency;
			target = CA08D0CC1CDFA19200BB763A /* sample */;
			targetProxy = CA08D0E21CDFA19200BB763A /* PBXContainerItemProxy */;
		};
		CA08D0EE1CDFA19200BB763A /* PBXTargetDependency */ = {
			isa = PBXTargetDependency;
			target = CA08D0CC1CDFA19200BB763A /* sample */;
			targetProxy = CA08D0ED1CDFA19200BB763A /* PBXContainerItemProxy */;
		};
/* End PBXTargetDependency section */

/* Begin PBXVariantGroup section */
		CA08D0D41CDFA19200BB763A /* Main.storyboard */ = {
			isa = PBXVariantGroup;
			children = (
				CA08D0D51CDFA19200BB763A /* Base */,
			);
			name = Main.storyboard;
			sourceTree = "<group>";
		};
		CA08D0D91CDFA19200BB763A /* LaunchScreen.storyboard */ = {
			isa = PBXVariantGroup;
			children = (
				CA08D0DA1CDFA19200BB763A /* Base */,
			);
			name = LaunchScreen.storyboard;
			sourceTree = "<group>";
		};
/* End PBXVariantGroup section */

/* Begin XCBuildConfiguration section */
		CA08D0F31CDFA19200BB763A /* Debug */ = {
			isa = XCBuildConfiguration;
			buildSettings = {
				ALWAYS_SEARCH_USER_PATHS = NO;
				CLANG_ANALYZER_NONNULL = YES;
				CLANG_CXX_LANGUAGE_STANDARD = "gnu++0x";
				CLANG_CXX_LIBRARY = "libc++";
				CLANG_ENABLE_MODULES = YES;
				CLANG_ENABLE_OBJC_ARC = YES;
				CLANG_WARN_BOOL_CONVERSION = YES;
				CLANG_WARN_CONSTANT_CONVERSION = YES;
				CLANG_WARN_DIRECT_OBJC_ISA_USAGE = YES_ERROR;
				CLANG_WARN_EMPTY_BODY = YES;
				CLANG_WARN_ENUM_CONVERSION = YES;
				CLANG_WARN_INT_CONVERSION = YES;
				CLANG_WARN_OBJC_ROOT_CLASS = YES_ERROR;
				CLANG_WARN_UNREACHABLE_CODE = YES;
				CLANG_WARN__DUPLICATE_METHOD_MATCH = YES;
				"CODE_SIGN_IDENTITY[sdk=iphoneos*]" = "iPhone Developer";
				COPY_PHASE_STRIP = NO;
				DEBUG_INFORMATION_FORMAT = dwarf;
				ENABLE_STRICT_OBJC_MSGSEND = YES;
				ENABLE_TESTABILITY = YES;
				GCC_C_LANGUAGE_STANDARD = gnu99;
				GCC_DYNAMIC_NO_PIC = NO;
				GCC_NO_COMMON_BLOCKS = YES;
				GCC_OPTIMIZATION_LEVEL = 0;
				GCC_PREPROCESSOR_DEFINITIONS = (
					"DEBUG=1",
					"$(inherited)",
				);
				GCC_WARN_64_TO_32_BIT_CONVERSION = YES;
				GCC_WARN_ABOUT_RETURN_TYPE = YES_ERROR;
				GCC_WARN_UNDECLARED_SELECTOR = YES;
				GCC_WARN_UNINITIALIZED_AUTOS = YES_AGGRESSIVE;
				GCC_WARN_UNUSED_FUNCTION = YES;
				GCC_WARN_UNUSED_VARIABLE = YES;
				IPHONEOS_DEPLOYMENT_TARGET = 9.3;
				MTL_ENABLE_DEBUG_INFO = YES;
				ONLY_ACTIVE_ARCH = YES;
				SDKROOT = iphoneos;
				SWIFT_OPTIMIZATION_LEVEL = "-Onone";
			};
			name = Debug;
		};
		CA08D0F41CDFA19200BB763A /* Release */ = {
			isa = XCBuildConfiguration;
			buildSettings = {
				ALWAYS_SEARCH_USER_PATHS = NO;
				CLANG_ANALYZER_NONNULL = YES;
				CLANG_CXX_LANGUAGE_STANDARD = "gnu++0x";
				CLANG_CXX_LIBRARY = "libc++";
				CLANG_ENABLE_MODULES = YES;
				CLANG_ENABLE_OBJC_ARC = YES;
				CLANG_WARN_BOOL_CONVERSION = YES;
				CLANG_WARN_CONSTANT_CONVERSION = YES;
				CLANG_WARN_DIRECT_OBJC_ISA_USAGE = YES_ERROR;
				CLANG_WARN_EMPTY_BODY = YES;
				CLANG_WARN_ENUM_CONVERSION = YES;
				CLANG_WARN_INT_CONVERSION = YES;
				CLANG_WARN_OBJC_ROOT_CLASS = YES_ERROR;
				CLANG_WARN_UNREACHABLE_CODE = YES;
				CLANG_WARN__DUPLICATE_METHOD_MATCH = YES;
				"CODE_SIGN_IDENTITY[sdk=iphoneos*]" = "iPhone Developer";
				COPY_PHASE_STRIP = NO;
				DEBUG_INFORMATION_FORMAT = "dwarf-with-dsym";
				ENABLE_NS_ASSERTIONS = NO;
				ENABLE_STRICT_OBJC_MSGSEND = YES;
				GCC_C_LANGUAGE_STANDARD = gnu99;
				GCC_NO_COMMON_BLOCKS = YES;
				GCC_WARN_64_TO_32_BIT_CONVERSION = YES;
				GCC_WARN_ABOUT_RETURN_TYPE = YES_ERROR;
				GCC_WARN_UNDECLARED_SELECTOR = YES;
				GCC_WARN_UNINITIALIZED_AUTOS = YES_AGGRESSIVE;
				GCC_WARN_UNUSED_FUNCTION = YES;
				GCC_WARN_UNUSED_VARIABLE = YES;
				IPHONEOS_DEPLOYMENT_TARGET = 9.3;
				MTL_ENABLE_DEBUG_INFO = NO;
				SDKROOT = iphoneos;
				VALIDATE_PRODUCT = YES;
			};
			name = Release;
		};
		CA08D0F61CDFA19200BB763A /* Debug */ = {
			isa = XCBuildConfiguration;
			buildSettings = {
				ASSETCATALOG_COMPILER_APPICON_NAME = AppIcon;
				INFOPLIST_FILE = sample/Info.plist;
				LD_RUNPATH_SEARCH_PATHS = "$(inherited) @executable_path/Frameworks";
				PRODUCT_BUNDLE_IDENTIFIER = a.sample;
				PRODUCT_NAME = "$(TARGET_NAME)";
			};
			name = Debug;
		};
		CA08D0F71CDFA19200BB763A /* Release */ = {
			isa = XCBuildConfiguration;
			buildSettings = {
				ASSETCATALOG_COMPILER_APPICON_NAME = AppIcon;
				INFOPLIST_FILE = sample/Info.plist;
				LD_RUNPATH_SEARCH_PATHS = "$(inherited) @executable_path/Frameworks";
				PRODUCT_BUNDLE_IDENTIFIER = a.sample;
				PRODUCT_NAME = "$(TARGET_NAME)";
			};
			name = Release;
		};
		CA08D0F91CDFA19200BB763A /* Debug */ = {
			isa = XCBuildConfiguration;
			buildSettings = {
				BUNDLE_LOADER = "$(TEST_HOST)";
				INFOPLIST_FILE = sampleTests/Info.plist;
				LD_RUNPATH_SEARCH_PATHS = "$(inherited) @executable_path/Frameworks @loader_path/Frameworks";
				PRODUCT_BUNDLE_IDENTIFIER = a.sampleTests;
				PRODUCT_NAME = "$(TARGET_NAME)";
				TEST_HOST = "$(BUILT_PRODUCTS_DIR)/sample.app/sample";
			};
			name = Debug;
		};
		CA08D0FA1CDFA19200BB763A /* Release */ = {
			isa = XCBuildConfiguration;
			buildSettings = {
				BUNDLE_LOADER = "$(TEST_HOST)";
				INFOPLIST_FILE = sampleTests/Info.plist;
				LD_RUNPATH_SEARCH_PATHS = "$(inherited) @executable_path/Frameworks @loader_path/Frameworks";
				PRODUCT_BUNDLE_IDENTIFIER = a.sampleTests;
				PRODUCT_NAME = "$(TARGET_NAME)";
				TEST_HOST = "$(BUILT_PRODUCTS_DIR)/sample.app/sample";
			};
			name = Release;
		};
		CA08D0FC1CDFA19200BB763A /* Debug */ = {
			isa = XCBuildConfiguration;
			buildSettings = {
				INFOPLIST_FILE = sampleUITests/Info.plist;
				LD_RUNPATH_SEARCH_PATHS = "$(inherited) @executable_path/Frameworks @loader_path/Frameworks";
				PRODUCT_BUNDLE_IDENTIFIER = a.sampleUITests;
				PRODUCT_NAME = "$(TARGET_NAME)";
				TEST_TARGET_NAME = sample;
			};
			name = Debug;
		};
		CA08D0FD1CDFA19200BB763A /* Release */ = {
			isa = XCBuildConfiguration;
			buildSettings = {
				INFOPLIST_FILE = sampleUITests/Info.plist;
				LD_RUNPATH_SEARCH_PATHS = "$(inherited) @executable_path/Frameworks @loader_path/Frameworks";
				PRODUCT_BUNDLE_IDENTIFIER = a.sampleUITests;
				PRODUCT_NAME = "$(TARGET_NAME)";
				TEST_TARGET_NAME = sample;
			};
			name = Release;
		};
/* End XCBuildConfiguration section */

/* Begin XCConfigurationList section */
		CA08D0C81CDFA19200BB763A /* Build configuration list for PBXProject "sample" */ = {
			isa = XCConfigurationList;
			buildConfigurations = (
				CA08D0F31CDFA19200BB763A /* Debug */,
				CA08D0F41CDFA19200BB763A /* Release */,
			);
			defaultConfigurationIsVisible = 0;
			defaultConfigurationName = Release;
		};
		CA08D0F51CDFA19200BB763A /* Build configuration list for PBXNativeTarget "sample" */ = {
			isa = XCConfigurationList;
			buildConfigurations = (
				CA08D0F61CDFA19200BB763A /* Debug */,
				CA08D0F71CDFA19200BB763A /* Release */,
			);
			defaultConfigurationIsVisible = 0;
		};
		CA08D0F81CDFA19200BB763A /* Build configuration list for PBXNativeTarget "sampleTests" */ = {
			isa = XCConfigurationList;
			buildConfigurations = (
				CA08D0F91CDFA19200BB763A /* Debug */,
				CA08D0FA1CDFA19200BB763A /* Release */,
			);
			defaultConfigurationIsVisible = 0;
		};
		CA08D0FB1CDFA19200BB763A /* Build configuration list for PBXNativeTarget "sampleUITests" */ = {
			isa = XCConfigurationList;
			buildConfigurations = (
				CA08D0FC1CDFA19200BB763A /* Debug */,
				CA08D0FD1CDFA19200BB763A /* Release */,
			);
			defaultConfigurationIsVisible = 0;
		};
/* End XCConfigurationList section */
	};
	rootObject = CA08D0C51CDFA19200BB763A /* Project object */;
}
